// !$*UTF8*$!
{
	archiveVersion = 1;
	classes = {
	};
	objectVersion = 46;
	objects = {

/* Begin PBXBuildFile section */
		2321E9061DC902C000B6F268 /* AppDelegate.swift in Sources */ = {isa = PBXBuildFile; fileRef = 2321E9051DC902C000B6F268 /* AppDelegate.swift */; };
		2321E90B1DC902C000B6F268 /* Main.storyboard in Resources */ = {isa = PBXBuildFile; fileRef = 2321E9091DC902C000B6F268 /* Main.storyboard */; };
		2321E90D1DC902C000B6F268 /* Assets.xcassets in Resources */ = {isa = PBXBuildFile; fileRef = 2321E90C1DC902C000B6F268 /* Assets.xcassets */; };
		2321E9101DC902C000B6F268 /* LaunchScreen.storyboard in Resources */ = {isa = PBXBuildFile; fileRef = 2321E90E1DC902C000B6F268 /* LaunchScreen.storyboard */; };
		2321E91B1DC902C000B6F268 /* SakaiTests.swift in Sources */ = {isa = PBXBuildFile; fileRef = 2321E91A1DC902C000B6F268 /* SakaiTests.swift */; };
		2321E9261DC902C100B6F268 /* SakaiUITests.swift in Sources */ = {isa = PBXBuildFile; fileRef = 2321E9251DC902C100B6F268 /* SakaiUITests.swift */; };
		2321E9341DC908DE00B6F268 /* LoginViewController.swift in Sources */ = {isa = PBXBuildFile; fileRef = 2321E9331DC908DE00B6F268 /* LoginViewController.swift */; };
		2321E9361DC909A700B6F268 /* ClassTableViewController.swift in Sources */ = {isa = PBXBuildFile; fileRef = 2321E9351DC909A700B6F268 /* ClassTableViewController.swift */; };
		2321E9381DC90A2A00B6F268 /* GradeTableViewController.swift in Sources */ = {isa = PBXBuildFile; fileRef = 2321E9371DC90A2A00B6F268 /* GradeTableViewController.swift */; };
		2321E93A1DC916B800B6F268 /* ClassTableViewCell.swift in Sources */ = {isa = PBXBuildFile; fileRef = 2321E9391DC916B800B6F268 /* ClassTableViewCell.swift */; };
		23290DD31DCFCDD0006DBE1C /* ClassGradeTableViewController.swift in Sources */ = {isa = PBXBuildFile; fileRef = 23290DD21DCFCDD0006DBE1C /* ClassGradeTableViewController.swift */; };
		23290DD71DCFD3F2006DBE1C /* AssignmentsTableViewController.swift in Sources */ = {isa = PBXBuildFile; fileRef = 23290DD61DCFD3F2006DBE1C /* AssignmentsTableViewController.swift */; };
		23290DD91DCFD41A006DBE1C /* AssignmentTableViewCell.swift in Sources */ = {isa = PBXBuildFile; fileRef = 23290DD81DCFD41A006DBE1C /* AssignmentTableViewCell.swift */; };
		2331C5131DCC12A400478A80 /* TabBarController.swift in Sources */ = {isa = PBXBuildFile; fileRef = 2331C5121DCC12A400478A80 /* TabBarController.swift */; };
		2331C5151DCC19C800478A80 /* ClassGradeTableViewCell.swift in Sources */ = {isa = PBXBuildFile; fileRef = 2331C5141DCC19C800478A80 /* ClassGradeTableViewCell.swift */; };
		23A0173A1DCC05EB009535C1 /* SyllabusViewController.swift in Sources */ = {isa = PBXBuildFile; fileRef = 23A017391DCC05EB009535C1 /* SyllabusViewController.swift */; };
		23A92CF41DCFC0330018968C /* AnnouncementTableViewController.swift in Sources */ = {isa = PBXBuildFile; fileRef = 23A92CF31DCFC0330018968C /* AnnouncementTableViewController.swift */; };
		23A92CF61DCFC1040018968C /* AnnouncementTableViewCell.swift in Sources */ = {isa = PBXBuildFile; fileRef = 23A92CF51DCFC1040018968C /* AnnouncementTableViewCell.swift */; };
		23B8A4A81DCFE63A001F4DEA /* AssignmentPDFViewController.swift in Sources */ = {isa = PBXBuildFile; fileRef = 23B8A4A71DCFE63A001F4DEA /* AssignmentPDFViewController.swift */; };
		23E3046F1DCA8B8400EAE274 /* ClassDetailViewController.swift in Sources */ = {isa = PBXBuildFile; fileRef = 23E3046E1DCA8B8400EAE274 /* ClassDetailViewController.swift */; };
/* End PBXBuildFile section */

/* Begin PBXContainerItemProxy section */
		2321E9171DC902C000B6F268 /* PBXContainerItemProxy */ = {
			isa = PBXContainerItemProxy;
			containerPortal = 2321E8FA1DC902C000B6F268 /* Project object */;
			proxyType = 1;
			remoteGlobalIDString = 2321E9011DC902C000B6F268;
			remoteInfo = Sakai;
		};
		2321E9221DC902C100B6F268 /* PBXContainerItemProxy */ = {
			isa = PBXContainerItemProxy;
			containerPortal = 2321E8FA1DC902C000B6F268 /* Project object */;
			proxyType = 1;
			remoteGlobalIDString = 2321E9011DC902C000B6F268;
			remoteInfo = Sakai;
		};
/* End PBXContainerItemProxy section */

/* Begin PBXFileReference section */
		2321E9021DC902C000B6F268 /* Sakai.app */ = {isa = PBXFileReference; explicitFileType = wrapper.application; includeInIndex = 0; path = Sakai.app; sourceTree = BUILT_PRODUCTS_DIR; };
		2321E9051DC902C000B6F268 /* AppDelegate.swift */ = {isa = PBXFileReference; lastKnownFileType = sourcecode.swift; path = AppDelegate.swift; sourceTree = "<group>"; };
		2321E90A1DC902C000B6F268 /* Base */ = {isa = PBXFileReference; lastKnownFileType = file.storyboard; name = Base; path = Base.lproj/Main.storyboard; sourceTree = "<group>"; };
		2321E90C1DC902C000B6F268 /* Assets.xcassets */ = {isa = PBXFileReference; lastKnownFileType = folder.assetcatalog; path = Assets.xcassets; sourceTree = "<group>"; };
		2321E90F1DC902C000B6F268 /* Base */ = {isa = PBXFileReference; lastKnownFileType = file.storyboard; name = Base; path = Base.lproj/LaunchScreen.storyboard; sourceTree = "<group>"; };
		2321E9111DC902C000B6F268 /* Info.plist */ = {isa = PBXFileReference; lastKnownFileType = text.plist.xml; path = Info.plist; sourceTree = "<group>"; };
		2321E9161DC902C000B6F268 /* SakaiTests.xctest */ = {isa = PBXFileReference; explicitFileType = wrapper.cfbundle; includeInIndex = 0; path = SakaiTests.xctest; sourceTree = BUILT_PRODUCTS_DIR; };
		2321E91A1DC902C000B6F268 /* SakaiTests.swift */ = {isa = PBXFileReference; lastKnownFileType = sourcecode.swift; path = SakaiTests.swift; sourceTree = "<group>"; };
		2321E91C1DC902C000B6F268 /* Info.plist */ = {isa = PBXFileReference; lastKnownFileType = text.plist.xml; path = Info.plist; sourceTree = "<group>"; };
		2321E9211DC902C100B6F268 /* SakaiUITests.xctest */ = {isa = PBXFileReference; explicitFileType = wrapper.cfbundle; includeInIndex = 0; path = SakaiUITests.xctest; sourceTree = BUILT_PRODUCTS_DIR; };
		2321E9251DC902C100B6F268 /* SakaiUITests.swift */ = {isa = PBXFileReference; lastKnownFileType = sourcecode.swift; path = SakaiUITests.swift; sourceTree = "<group>"; };
		2321E9271DC902C100B6F268 /* Info.plist */ = {isa = PBXFileReference; lastKnownFileType = text.plist.xml; path = Info.plist; sourceTree = "<group>"; };
		2321E9331DC908DE00B6F268 /* LoginViewController.swift */ = {isa = PBXFileReference; fileEncoding = 4; lastKnownFileType = sourcecode.swift; path = LoginViewController.swift; sourceTree = "<group>"; };
		2321E9351DC909A700B6F268 /* ClassTableViewController.swift */ = {isa = PBXFileReference; fileEncoding = 4; lastKnownFileType = sourcecode.swift; name = ClassTableViewController.swift; path = ../ClassTableViewController.swift; sourceTree = "<group>"; };
		2321E9371DC90A2A00B6F268 /* GradeTableViewController.swift */ = {isa = PBXFileReference; fileEncoding = 4; lastKnownFileType = sourcecode.swift; path = GradeTableViewController.swift; sourceTree = "<group>"; };
		2321E9391DC916B800B6F268 /* ClassTableViewCell.swift */ = {isa = PBXFileReference; fileEncoding = 4; lastKnownFileType = sourcecode.swift; path = ClassTableViewCell.swift; sourceTree = "<group>"; };
		23290DD21DCFCDD0006DBE1C /* ClassGradeTableViewController.swift */ = {isa = PBXFileReference; fileEncoding = 4; lastKnownFileType = sourcecode.swift; path = ClassGradeTableViewController.swift; sourceTree = "<group>"; };
		23290DD61DCFD3F2006DBE1C /* AssignmentsTableViewController.swift */ = {isa = PBXFileReference; fileEncoding = 4; lastKnownFileType = sourcecode.swift; name = AssignmentsTableViewController.swift; path = ../AssignmentsTableViewController.swift; sourceTree = "<group>"; };
		23290DD81DCFD41A006DBE1C /* AssignmentTableViewCell.swift */ = {isa = PBXFileReference; fileEncoding = 4; lastKnownFileType = sourcecode.swift; path = AssignmentTableViewCell.swift; sourceTree = "<group>"; };
		2331C5121DCC12A400478A80 /* TabBarController.swift */ = {isa = PBXFileReference; fileEncoding = 4; lastKnownFileType = sourcecode.swift; path = TabBarController.swift; sourceTree = "<group>"; };
		2331C5141DCC19C800478A80 /* ClassGradeTableViewCell.swift */ = {isa = PBXFileReference; fileEncoding = 4; lastKnownFileType = sourcecode.swift; path = ClassGradeTableViewCell.swift; sourceTree = "<group>"; };
		23A017391DCC05EB009535C1 /* SyllabusViewController.swift */ = {isa = PBXFileReference; fileEncoding = 4; lastKnownFileType = sourcecode.swift; path = SyllabusViewController.swift; sourceTree = "<group>"; };
		23A92CF31DCFC0330018968C /* AnnouncementTableViewController.swift */ = {isa = PBXFileReference; fileEncoding = 4; lastKnownFileType = sourcecode.swift; name = AnnouncementTableViewController.swift; path = ../AnnouncementTableViewController.swift; sourceTree = "<group>"; };
		23A92CF51DCFC1040018968C /* AnnouncementTableViewCell.swift */ = {isa = PBXFileReference; fileEncoding = 4; lastKnownFileType = sourcecode.swift; path = AnnouncementTableViewCell.swift; sourceTree = "<group>"; };
		23B8A4A71DCFE63A001F4DEA /* AssignmentPDFViewController.swift */ = {isa = PBXFileReference; fileEncoding = 4; lastKnownFileType = sourcecode.swift; path = AssignmentPDFViewController.swift; sourceTree = "<group>"; };
		23E3046E1DCA8B8400EAE274 /* ClassDetailViewController.swift */ = {isa = PBXFileReference; fileEncoding = 4; lastKnownFileType = sourcecode.swift; path = ClassDetailViewController.swift; sourceTree = "<group>"; };
/* End PBXFileReference section */

/* Begin PBXFrameworksBuildPhase section */
		2321E8FF1DC902C000B6F268 /* Frameworks */ = {
			isa = PBXFrameworksBuildPhase;
			buildActionMask = 2147483647;
			files = (
			);
			runOnlyForDeploymentPostprocessing = 0;
		};
		2321E9131DC902C000B6F268 /* Frameworks */ = {
			isa = PBXFrameworksBuildPhase;
			buildActionMask = 2147483647;
			files = (
			);
			runOnlyForDeploymentPostprocessing = 0;
		};
		2321E91E1DC902C000B6F268 /* Frameworks */ = {
			isa = PBXFrameworksBuildPhase;
			buildActionMask = 2147483647;
			files = (
			);
			runOnlyForDeploymentPostprocessing = 0;
		};
/* End PBXFrameworksBuildPhase section */

/* Begin PBXGroup section */
		2321E8F91DC902C000B6F268 = {
			isa = PBXGroup;
			children = (
				2321E9041DC902C000B6F268 /* Sakai */,
				2321E9191DC902C000B6F268 /* SakaiTests */,
				2321E9241DC902C100B6F268 /* SakaiUITests */,
				2321E9031DC902C000B6F268 /* Products */,
			);
			sourceTree = "<group>";
		};
		2321E9031DC902C000B6F268 /* Products */ = {
			isa = PBXGroup;
			children = (
				2321E9021DC902C000B6F268 /* Sakai.app */,
				2321E9161DC902C000B6F268 /* SakaiTests.xctest */,
				2321E9211DC902C100B6F268 /* SakaiUITests.xctest */,
			);
			name = Products;
			sourceTree = "<group>";
		};
		2321E9041DC902C000B6F268 /* Sakai */ = {
			isa = PBXGroup;
			children = (
				2321E9051DC902C000B6F268 /* AppDelegate.swift */,
				23A92CF31DCFC0330018968C /* AnnouncementTableViewController.swift */,
				23A92CF51DCFC1040018968C /* AnnouncementTableViewCell.swift */,
				23290DD61DCFD3F2006DBE1C /* AssignmentsTableViewController.swift */,
				2321E9091DC902C000B6F268 /* Main.storyboard */,
				23B8A4A71DCFE63A001F4DEA /* AssignmentPDFViewController.swift */,
				23290DD81DCFD41A006DBE1C /* AssignmentTableViewCell.swift */,
				23290DD21DCFCDD0006DBE1C /* ClassGradeTableViewController.swift */,
				2331C5121DCC12A400478A80 /* TabBarController.swift */,
				23A017391DCC05EB009535C1 /* SyllabusViewController.swift */,
				23E3046E1DCA8B8400EAE274 /* ClassDetailViewController.swift */,
				2321E9331DC908DE00B6F268 /* LoginViewController.swift */,
				2321E9351DC909A700B6F268 /* ClassTableViewController.swift */,
				2321E9391DC916B800B6F268 /* ClassTableViewCell.swift */,
				2321E9371DC90A2A00B6F268 /* GradeTableViewController.swift */,
				2331C5141DCC19C800478A80 /* ClassGradeTableViewCell.swift */,
				2321E90E1DC902C000B6F268 /* LaunchScreen.storyboard */,
				2321E9111DC902C000B6F268 /* Info.plist */,
				2321E90C1DC902C000B6F268 /* Assets.xcassets */,
			);
			path = Sakai;
			sourceTree = "<group>";
		};
		2321E9191DC902C000B6F268 /* SakaiTests */ = {
			isa = PBXGroup;
			children = (
				2321E91A1DC902C000B6F268 /* SakaiTests.swift */,
				2321E91C1DC902C000B6F268 /* Info.plist */,
			);
			path = SakaiTests;
			sourceTree = "<group>";
		};
		2321E9241DC902C100B6F268 /* SakaiUITests */ = {
			isa = PBXGroup;
			children = (
				2321E9251DC902C100B6F268 /* SakaiUITests.swift */,
				2321E9271DC902C100B6F268 /* Info.plist */,
			);
			path = SakaiUITests;
			sourceTree = "<group>";
		};
/* End PBXGroup section */

/* Begin PBXNativeTarget section */
		2321E9011DC902C000B6F268 /* Sakai */ = {
			isa = PBXNativeTarget;
			buildConfigurationList = 2321E92A1DC902C100B6F268 /* Build configuration list for PBXNativeTarget "Sakai" */;
			buildPhases = (
				2321E8FE1DC902C000B6F268 /* Sources */,
				2321E8FF1DC902C000B6F268 /* Frameworks */,
				2321E9001DC902C000B6F268 /* Resources */,
			);
			buildRules = (
			);
			dependencies = (
			);
			name = Sakai;
			productName = Sakai;
			productReference = 2321E9021DC902C000B6F268 /* Sakai.app */;
			productType = "com.apple.product-type.application";
		};
		2321E9151DC902C000B6F268 /* SakaiTests */ = {
			isa = PBXNativeTarget;
			buildConfigurationList = 2321E92D1DC902C100B6F268 /* Build configuration list for PBXNativeTarget "SakaiTests" */;
			buildPhases = (
				2321E9121DC902C000B6F268 /* Sources */,
				2321E9131DC902C000B6F268 /* Frameworks */,
				2321E9141DC902C000B6F268 /* Resources */,
			);
			buildRules = (
			);
			dependencies = (
				2321E9181DC902C000B6F268 /* PBXTargetDependency */,
			);
			name = SakaiTests;
			productName = SakaiTests;
			productReference = 2321E9161DC902C000B6F268 /* SakaiTests.xctest */;
			productType = "com.apple.product-type.bundle.unit-test";
		};
		2321E9201DC902C000B6F268 /* SakaiUITests */ = {
			isa = PBXNativeTarget;
			buildConfigurationList = 2321E9301DC902C100B6F268 /* Build configuration list for PBXNativeTarget "SakaiUITests" */;
			buildPhases = (
				2321E91D1DC902C000B6F268 /* Sources */,
				2321E91E1DC902C000B6F268 /* Frameworks */,
				2321E91F1DC902C000B6F268 /* Resources */,
			);
			buildRules = (
			);
			dependencies = (
				2321E9231DC902C100B6F268 /* PBXTargetDependency */,
			);
			name = SakaiUITests;
			productName = SakaiUITests;
			productReference = 2321E9211DC902C100B6F268 /* SakaiUITests.xctest */;
			productType = "com.apple.product-type.bundle.ui-testing";
		};
/* End PBXNativeTarget section */

/* Begin PBXProject section */
		2321E8FA1DC902C000B6F268 /* Project object */ = {
			isa = PBXProject;
			attributes = {
				LastSwiftUpdateCheck = 0800;
				LastUpgradeCheck = 0800;
				ORGANIZATIONNAME = HCI2016;
				TargetAttributes = {
					2321E9011DC902C000B6F268 = {
						CreatedOnToolsVersion = 8.0;
						DevelopmentTeam = N4Z3R2L69T;
						ProvisioningStyle = Automatic;
					};
					2321E9151DC902C000B6F268 = {
						CreatedOnToolsVersion = 8.0;
						DevelopmentTeam = N4Z3R2L69T;
						ProvisioningStyle = Automatic;
						TestTargetID = 2321E9011DC902C000B6F268;
					};
					2321E9201DC902C000B6F268 = {
						CreatedOnToolsVersion = 8.0;
						DevelopmentTeam = N4Z3R2L69T;
						ProvisioningStyle = Automatic;
						TestTargetID = 2321E9011DC902C000B6F268;
					};
				};
			};
			buildConfigurationList = 2321E8FD1DC902C000B6F268 /* Build configuration list for PBXProject "Sakai" */;
			compatibilityVersion = "Xcode 3.2";
			developmentRegion = English;
			hasScannedForEncodings = 0;
			knownRegions = (
				en,
				Base,
			);
			mainGroup = 2321E8F91DC902C000B6F268;
			productRefGroup = 2321E9031DC902C000B6F268 /* Products */;
			projectDirPath = "";
			projectRoot = "";
			targets = (
				2321E9011DC902C000B6F268 /* Sakai */,
				2321E9151DC902C000B6F268 /* SakaiTests */,
				2321E9201DC902C000B6F268 /* SakaiUITests */,
			);
		};
/* End PBXProject section */

/* Begin PBXResourcesBuildPhase section */
		2321E9001DC902C000B6F268 /* Resources */ = {
			isa = PBXResourcesBuildPhase;
			buildActionMask = 2147483647;
			files = (
				2321E9101DC902C000B6F268 /* LaunchScreen.storyboard in Resources */,
				2321E90D1DC902C000B6F268 /* Assets.xcassets in Resources */,
				2321E90B1DC902C000B6F268 /* Main.storyboard in Resources */,
			);
			runOnlyForDeploymentPostprocessing = 0;
		};
		2321E9141DC902C000B6F268 /* Resources */ = {
			isa = PBXResourcesBuildPhase;
			buildActionMask = 2147483647;
			files = (
			);
			runOnlyForDeploymentPostprocessing = 0;
		};
		2321E91F1DC902C000B6F268 /* Resources */ = {
			isa = PBXResourcesBuildPhase;
			buildActionMask = 2147483647;
			files = (
			);
			runOnlyForDeploymentPostprocessing = 0;
		};
/* End PBXResourcesBuildPhase section */

/* Begin PBXSourcesBuildPhase section */
		2321E8FE1DC902C000B6F268 /* Sources */ = {
			isa = PBXSourcesBuildPhase;
			buildActionMask = 2147483647;
			files = (
				23B8A4A81DCFE63A001F4DEA /* AssignmentPDFViewController.swift in Sources */,
				2321E9361DC909A700B6F268 /* ClassTableViewController.swift in Sources */,
				23A0173A1DCC05EB009535C1 /* SyllabusViewController.swift in Sources */,
				2331C5151DCC19C800478A80 /* ClassGradeTableViewCell.swift in Sources */,
				23A92CF61DCFC1040018968C /* AnnouncementTableViewCell.swift in Sources */,
				2331C5131DCC12A400478A80 /* TabBarController.swift in Sources */,
				2321E9341DC908DE00B6F268 /* LoginViewController.swift in Sources */,
				2321E9061DC902C000B6F268 /* AppDelegate.swift in Sources */,
				23A92CF41DCFC0330018968C /* AnnouncementTableViewController.swift in Sources */,
				2321E93A1DC916B800B6F268 /* ClassTableViewCell.swift in Sources */,
				23290DD71DCFD3F2006DBE1C /* AssignmentsTableViewController.swift in Sources */,
				23290DD91DCFD41A006DBE1C /* AssignmentTableViewCell.swift in Sources */,
				23E3046F1DCA8B8400EAE274 /* ClassDetailViewController.swift in Sources */,
				23290DD31DCFCDD0006DBE1C /* ClassGradeTableViewController.swift in Sources */,
				2321E9381DC90A2A00B6F268 /* GradeTableViewController.swift in Sources */,
			);
			runOnlyForDeploymentPostprocessing = 0;
		};
		2321E9121DC902C000B6F268 /* Sources */ = {
			isa = PBXSourcesBuildPhase;
			buildActionMask = 2147483647;
			files = (
				2321E91B1DC902C000B6F268 /* SakaiTests.swift in Sources */,
			);
			runOnlyForDeploymentPostprocessing = 0;
		};
		2321E91D1DC902C000B6F268 /* Sources */ = {
			isa = PBXSourcesBuildPhase;
			buildActionMask = 2147483647;
			files = (
				2321E9261DC902C100B6F268 /* SakaiUITests.swift in Sources */,
			);
			runOnlyForDeploymentPostprocessing = 0;
		};
/* End PBXSourcesBuildPhase section */

/* Begin PBXTargetDependency section */
		2321E9181DC902C000B6F268 /* PBXTargetDependency */ = {
			isa = PBXTargetDependency;
			target = 2321E9011DC902C000B6F268 /* Sakai */;
			targetProxy = 2321E9171DC902C000B6F268 /* PBXContainerItemProxy */;
		};
		2321E9231DC902C100B6F268 /* PBXTargetDependency */ = {
			isa = PBXTargetDependency;
			target = 2321E9011DC902C000B6F268 /* Sakai */;
			targetProxy = 2321E9221DC902C100B6F268 /* PBXContainerItemProxy */;
		};
/* End PBXTargetDependency section */

/* Begin PBXVariantGroup section */
		2321E9091DC902C000B6F268 /* Main.storyboard */ = {
			isa = PBXVariantGroup;
			children = (
				2321E90A1DC902C000B6F268 /* Base */,
			);
			name = Main.storyboard;
			sourceTree = "<group>";
		};
		2321E90E1DC902C000B6F268 /* LaunchScreen.storyboard */ = {
			isa = PBXVariantGroup;
			children = (
				2321E90F1DC902C000B6F268 /* Base */,
			);
			name = LaunchScreen.storyboard;
			sourceTree = "<group>";
		};
/* End PBXVariantGroup section */

/* Begin XCBuildConfiguration section */
		2321E9281DC902C100B6F268 /* Debug */ = {
			isa = XCBuildConfiguration;
			buildSettings = {
				ALWAYS_SEARCH_USER_PATHS = NO;
				CLANG_ANALYZER_NONNULL = YES;
				CLANG_CXX_LANGUAGE_STANDARD = "gnu++0x";
				CLANG_CXX_LIBRARY = "libc++";
				CLANG_ENABLE_MODULES = YES;
				CLANG_ENABLE_OBJC_ARC = YES;
				CLANG_WARN_BOOL_CONVERSION = YES;
				CLANG_WARN_CONSTANT_CONVERSION = YES;
				CLANG_WARN_DIRECT_OBJC_ISA_USAGE = YES_ERROR;
				CLANG_WARN_DOCUMENTATION_COMMENTS = YES;
				CLANG_WARN_EMPTY_BODY = YES;
				CLANG_WARN_ENUM_CONVERSION = YES;
				CLANG_WARN_INFINITE_RECURSION = YES;
				CLANG_WARN_INT_CONVERSION = YES;
				CLANG_WARN_OBJC_ROOT_CLASS = YES_ERROR;
				CLANG_WARN_SUSPICIOUS_MOVES = YES;
				CLANG_WARN_UNREACHABLE_CODE = YES;
				CLANG_WARN__DUPLICATE_METHOD_MATCH = YES;
				"CODE_SIGN_IDENTITY[sdk=iphoneos*]" = "iPhone Developer";
				COPY_PHASE_STRIP = NO;
				DEBUG_INFORMATION_FORMAT = dwarf;
				ENABLE_STRICT_OBJC_MSGSEND = YES;
				ENABLE_TESTABILITY = YES;
				GCC_C_LANGUAGE_STANDARD = gnu99;
				GCC_DYNAMIC_NO_PIC = NO;
				GCC_NO_COMMON_BLOCKS = YES;
				GCC_OPTIMIZATION_LEVEL = 0;
				GCC_PREPROCESSOR_DEFINITIONS = (
					"DEBUG=1",
					"$(inherited)",
				);
				GCC_WARN_64_TO_32_BIT_CONVERSION = YES;
				GCC_WARN_ABOUT_RETURN_TYPE = YES_ERROR;
				GCC_WARN_UNDECLARED_SELECTOR = YES;
				GCC_WARN_UNINITIALIZED_AUTOS = YES_AGGRESSIVE;
				GCC_WARN_UNUSED_FUNCTION = YES;
				GCC_WARN_UNUSED_VARIABLE = YES;
				IPHONEOS_DEPLOYMENT_TARGET = 10.0;
				MTL_ENABLE_DEBUG_INFO = YES;
				ONLY_ACTIVE_ARCH = YES;
				SDKROOT = iphoneos;
				SWIFT_ACTIVE_COMPILATION_CONDITIONS = DEBUG;
				SWIFT_OPTIMIZATION_LEVEL = "-Onone";
				TARGETED_DEVICE_FAMILY = "1,2";
			};
			name = Debug;
		};
		2321E9291DC902C100B6F268 /* Release */ = {
			isa = XCBuildConfiguration;
			buildSettings = {
				ALWAYS_SEARCH_USER_PATHS = NO;
				CLANG_ANALYZER_NONNULL = YES;
				CLANG_CXX_LANGUAGE_STANDARD = "gnu++0x";
				CLANG_CXX_LIBRARY = "libc++";
				CLANG_ENABLE_MODULES = YES;
				CLANG_ENABLE_OBJC_ARC = YES;
				CLANG_WARN_BOOL_CONVERSION = YES;
				CLANG_WARN_CONSTANT_CONVERSION = YES;
				CLANG_WARN_DIRECT_OBJC_ISA_USAGE = YES_ERROR;
				CLANG_WARN_DOCUMENTATION_COMMENTS = YES;
				CLANG_WARN_EMPTY_BODY = YES;
				CLANG_WARN_ENUM_CONVERSION = YES;
				CLANG_WARN_INFINITE_RECURSION = YES;
				CLANG_WARN_INT_CONVERSION = YES;
				CLANG_WARN_OBJC_ROOT_CLASS = YES_ERROR;
				CLANG_WARN_SUSPICIOUS_MOVES = YES;
				CLANG_WARN_UNREACHABLE_CODE = YES;
				CLANG_WARN__DUPLICATE_METHOD_MATCH = YES;
				"CODE_SIGN_IDENTITY[sdk=iphoneos*]" = "iPhone Developer";
				COPY_PHASE_STRIP = NO;
				DEBUG_INFORMATION_FORMAT = "dwarf-with-dsym";
				ENABLE_NS_ASSERTIONS = NO;
				ENABLE_STRICT_OBJC_MSGSEND = YES;
				GCC_C_LANGUAGE_STANDARD = gnu99;
				GCC_NO_COMMON_BLOCKS = YES;
				GCC_WARN_64_TO_32_BIT_CONVERSION = YES;
				GCC_WARN_ABOUT_RETURN_TYPE = YES_ERROR;
				GCC_WARN_UNDECLARED_SELECTOR = YES;
				GCC_WARN_UNINITIALIZED_AUTOS = YES_AGGRESSIVE;
				GCC_WARN_UNUSED_FUNCTION = YES;
				GCC_WARN_UNUSED_VARIABLE = YES;
				IPHONEOS_DEPLOYMENT_TARGET = 10.0;
				MTL_ENABLE_DEBUG_INFO = NO;
				SDKROOT = iphoneos;
				SWIFT_OPTIMIZATION_LEVEL = "-Owholemodule";
				TARGETED_DEVICE_FAMILY = "1,2";
				VALIDATE_PRODUCT = YES;
			};
			name = Release;
		};
		2321E92B1DC902C100B6F268 /* Debug */ = {
			isa = XCBuildConfiguration;
			buildSettings = {
				ASSETCATALOG_COMPILER_APPICON_NAME = AppIcon;
				DEVELOPMENT_TEAM = N4Z3R2L69T;
				INFOPLIST_FILE = Sakai/Info.plist;
				LD_RUNPATH_SEARCH_PATHS = "$(inherited) @executable_path/Frameworks";
				PRODUCT_BUNDLE_IDENTIFIER = HCI2016.Sakai;
				PRODUCT_NAME = "$(TARGET_NAME)";
				SWIFT_VERSION = 3.0;
			};
			name = Debug;
		};
		2321E92C1DC902C100B6F268 /* Release */ = {
			isa = XCBuildConfiguration;
			buildSettings = {
				ASSETCATALOG_COMPILER_APPICON_NAME = AppIcon;
				DEVELOPMENT_TEAM = N4Z3R2L69T;
				INFOPLIST_FILE = Sakai/Info.plist;
				LD_RUNPATH_SEARCH_PATHS = "$(inherited) @executable_path/Frameworks";
				PRODUCT_BUNDLE_IDENTIFIER = HCI2016.Sakai;
				PRODUCT_NAME = "$(TARGET_NAME)";
				SWIFT_VERSION = 3.0;
			};
			name = Release;
		};
		2321E92E1DC902C100B6F268 /* Debug */ = {
			isa = XCBuildConfiguration;
			buildSettings = {
				ALWAYS_EMBED_SWIFT_STANDARD_LIBRARIES = YES;
				BUNDLE_LOADER = "$(TEST_HOST)";
				DEVELOPMENT_TEAM = N4Z3R2L69T;
				INFOPLIST_FILE = SakaiTests/Info.plist;
				LD_RUNPATH_SEARCH_PATHS = "$(inherited) @executable_path/Frameworks @loader_path/Frameworks";
				PRODUCT_BUNDLE_IDENTIFIER = HCI2016.SakaiTests;
				PRODUCT_NAME = "$(TARGET_NAME)";
				SWIFT_VERSION = 3.0;
				TEST_HOST = "$(BUILT_PRODUCTS_DIR)/Sakai.app/Sakai";
			};
			name = Debug;
		};
		2321E92F1DC902C100B6F268 /* Release */ = {
			isa = XCBuildConfiguration;
			buildSettings = {
				ALWAYS_EMBED_SWIFT_STANDARD_LIBRARIES = YES;
				BUNDLE_LOADER = "$(TEST_HOST)";
				DEVELOPMENT_TEAM = N4Z3R2L69T;
				INFOPLIST_FILE = SakaiTests/Info.plist;
				LD_RUNPATH_SEARCH_PATHS = "$(inherited) @executable_path/Frameworks @loader_path/Frameworks";
				PRODUCT_BUNDLE_IDENTIFIER = HCI2016.SakaiTests;
				PRODUCT_NAME = "$(TARGET_NAME)";
				SWIFT_VERSION = 3.0;
				TEST_HOST = "$(BUILT_PRODUCTS_DIR)/Sakai.app/Sakai";
			};
			name = Release;
		};
		2321E9311DC902C100B6F268 /* Debug */ = {
			isa = XCBuildConfiguration;
			buildSettings = {
				ALWAYS_EMBED_SWIFT_STANDARD_LIBRARIES = YES;
				DEVELOPMENT_TEAM = N4Z3R2L69T;
				INFOPLIST_FILE = SakaiUITests/Info.plist;
				LD_RUNPATH_SEARCH_PATHS = "$(inherited) @executable_path/Frameworks @loader_path/Frameworks";
				PRODUCT_BUNDLE_IDENTIFIER = HCI2016.SakaiUITests;
				PRODUCT_NAME = "$(TARGET_NAME)";
				SWIFT_VERSION = 3.0;
				TEST_TARGET_NAME = Sakai;
			};
			name = Debug;
		};
		2321E9321DC902C100B6F268 /* Release */ = {
			isa = XCBuildConfiguration;
			buildSettings = {
				ALWAYS_EMBED_SWIFT_STANDARD_LIBRARIES = YES;
				DEVELOPMENT_TEAM = N4Z3R2L69T;
				INFOPLIST_FILE = SakaiUITests/Info.plist;
				LD_RUNPATH_SEARCH_PATHS = "$(inherited) @executable_path/Frameworks @loader_path/Frameworks";
				PRODUCT_BUNDLE_IDENTIFIER = HCI2016.SakaiUITests;
				PRODUCT_NAME = "$(TARGET_NAME)";
				SWIFT_VERSION = 3.0;
				TEST_TARGET_NAME = Sakai;
			};
			name = Release;
		};
/* End XCBuildConfiguration section */

/* Begin XCConfigurationList section */
		2321E8FD1DC902C000B6F268 /* Build configuration list for PBXProject "Sakai" */ = {
			isa = XCConfigurationList;
			buildConfigurations = (
				2321E9281DC902C100B6F268 /* Debug */,
				2321E9291DC902C100B6F268 /* Release */,
			);
			defaultConfigurationIsVisible = 0;
			defaultConfigurationName = Release;
		};
		2321E92A1DC902C100B6F268 /* Build configuration list for PBXNativeTarget "Sakai" */ = {
			isa = XCConfigurationList;
			buildConfigurations = (
				2321E92B1DC902C100B6F268 /* Debug */,
				2321E92C1DC902C100B6F268 /* Release */,
			);
			defaultConfigurationIsVisible = 0;
			defaultConfigurationName = Release;
		};
		2321E92D1DC902C100B6F268 /* Build configuration list for PBXNativeTarget "SakaiTests" */ = {
			isa = XCConfigurationList;
			buildConfigurations = (
				2321E92E1DC902C100B6F268 /* Debug */,
				2321E92F1DC902C100B6F268 /* Release */,
			);
			defaultConfigurationIsVisible = 0;
			defaultConfigurationName = Release;
		};
		2321E9301DC902C100B6F268 /* Build configuration list for PBXNativeTarget "SakaiUITests" */ = {
			isa = XCConfigurationList;
			buildConfigurations = (
				2321E9311DC902C100B6F268 /* Debug */,
				2321E9321DC902C100B6F268 /* Release */,
			);
			defaultConfigurationIsVisible = 0;
			defaultConfigurationName = Release;
		};
/* End XCConfigurationList section */
	};
	rootObject = 2321E8FA1DC902C000B6F268 /* Project object */;
}
